
Microsoft Visual Studio Solution File, Format Version 12.00
Project("{FAE04EC0-301F-11D3-BF4B-00C04F79EFBC}") = "Mixvel.Routing.RouteSearcher.Api", "Mixvel.Routing.RouteSearcher.Api\Mixvel.Routing.RouteSearcher.Api.csproj", "{D461778C-1741-412B-9B64-9A38849C9420}"
EndProject
Project("{FAE04EC0-301F-11D3-BF4B-00C04F79EFBC}") = "Mixvel.Routing.RouteSearcher.Infrastructure", "Mixvel.Routing.RouteSearcher.Infrastructure\Mixvel.Routing.RouteSearcher.Infrastructure.csproj", "{02CDB820-8BEB-41E8-B021-4ABD0B320918}"
EndProject
Project("{FAE04EC0-301F-11D3-BF4B-00C04F79EFBC}") = "Mixvel.Routing.RouteSearcher.Application", "Mixvel.Routing.RouteSearcher.Application\Mixvel.Routing.RouteSearcher.Application.csproj", "{471F6452-B034-494C-ABFE-95E237094ECB}"
EndProject
Project("{FAE04EC0-301F-11D3-BF4B-00C04F79EFBC}") = "Mixvel.Routing.RouteSearcher.Domain", "Mixvel.Routing.RouteSearcher.Domain\Mixvel.Routing.RouteSearcher.Domain.csproj", "{71E50027-95A3-4D21-BD15-5DE8D3A6E5B4}"
EndProject
Global
	GlobalSection(SolutionConfigurationPlatforms) = preSolution
		Debug|Any CPU = Debug|Any CPU
		Release|Any CPU = Release|Any CPU
	EndGlobalSection
	GlobalSection(ProjectConfigurationPlatforms) = postSolution
		{D461778C-1741-412B-9B64-9A38849C9420}.Debug|Any CPU.ActiveCfg = Debug|Any CPU
		{D461778C-1741-412B-9B64-9A38849C9420}.Debug|Any CPU.Build.0 = Debug|Any CPU
		{D461778C-1741-412B-9B64-9A38849C9420}.Release|Any CPU.ActiveCfg = Release|Any CPU
		{D461778C-1741-412B-9B64-9A38849C9420}.Release|Any CPU.Build.0 = Release|Any CPU
		{02CDB820-8BEB-41E8-B021-4ABD0B320918}.Debug|Any CPU.ActiveCfg = Debug|Any CPU
		{02CDB820-8BEB-41E8-B021-4ABD0B320918}.Debug|Any CPU.Build.0 = Debug|Any CPU
		{02CDB820-8BEB-41E8-B021-4ABD0B320918}.Release|Any CPU.ActiveCfg = Release|Any CPU
		{02CDB820-8BEB-41E8-B021-4ABD0B320918}.Release|Any CPU.Build.0 = Release|Any CPU
		{471F6452-B034-494C-ABFE-95E237094ECB}.Debug|Any CPU.ActiveCfg = Debug|Any CPU
		{471F6452-B034-494C-ABFE-95E237094ECB}.Debug|Any CPU.Build.0 = Debug|Any CPU
		{471F6452-B034-494C-ABFE-95E237094ECB}.Release|Any CPU.ActiveCfg = Release|Any CPU
		{471F6452-B034-494C-ABFE-95E237094ECB}.Release|Any CPU.Build.0 = Release|Any CPU
		{71E50027-95A3-4D21-BD15-5DE8D3A6E5B4}.Debug|Any CPU.ActiveCfg = Debug|Any CPU
		{71E50027-95A3-4D21-BD15-5DE8D3A6E5B4}.Debug|Any CPU.Build.0 = Debug|Any CPU
		{71E50027-95A3-4D21-BD15-5DE8D3A6E5B4}.Release|Any CPU.ActiveCfg = Release|Any CPU
		{71E50027-95A3-4D21-BD15-5DE8D3A6E5B4}.Release|Any CPU.Build.0 = Release|Any CPU
	EndGlobalSection
EndGlobal
